// !$*UTF8*$!
{
	archiveVersion = 1;
	classes = {
	};
	objectVersion = 46;
	objects = {

/* Begin PBXBuildFile section */
		C01A37141E114E3F00CA8B46 /* OrdemViewController.swift in Sources */ = {isa = PBXBuildFile; fileRef = C01A37131E114E3F00CA8B46 /* OrdemViewController.swift */; };
		C0804BBE1E0C210E0003B6F5 /* TabelaListaViewController.swift in Sources */ = {isa = PBXBuildFile; fileRef = C0804BBD1E0C210E0003B6F5 /* TabelaListaViewController.swift */; };
		C0804BC01E0C5D6C0003B6F5 /* EditNovaListaViewController.swift in Sources */ = {isa = PBXBuildFile; fileRef = C0804BBF1E0C5D6C0003B6F5 /* EditNovaListaViewController.swift */; };
		C0984B591E09D61D0051F9CB /* AppDelegate.swift in Sources */ = {isa = PBXBuildFile; fileRef = C0984B581E09D61D0051F9CB /* AppDelegate.swift */; };
		C0984B5B1E09D61D0051F9CB /* ViewController.swift in Sources */ = {isa = PBXBuildFile; fileRef = C0984B5A1E09D61D0051F9CB /* ViewController.swift */; };
		C0984B5E1E09D61D0051F9CB /* Main.storyboard in Resources */ = {isa = PBXBuildFile; fileRef = C0984B5C1E09D61D0051F9CB /* Main.storyboard */; };
		C0984B611E09D61D0051F9CB /* letMeBuy.xcdatamodeld in Sources */ = {isa = PBXBuildFile; fileRef = C0984B5F1E09D61D0051F9CB /* letMeBuy.xcdatamodeld */; };
		C0984B631E09D61D0051F9CB /* Assets.xcassets in Resources */ = {isa = PBXBuildFile; fileRef = C0984B621E09D61D0051F9CB /* Assets.xcassets */; };
		C0984B661E09D61D0051F9CB /* LaunchScreen.storyboard in Resources */ = {isa = PBXBuildFile; fileRef = C0984B641E09D61D0051F9CB /* LaunchScreen.storyboard */; };
		C09F770E1E1036E20017F196 /* AntigosViewController.swift in Sources */ = {isa = PBXBuildFile; fileRef = C09F770D1E1036E20017F196 /* AntigosViewController.swift */; };
		C0FF5E161E0CEF95008E391E /* PickerViewController.swift in Sources */ = {isa = PBXBuildFile; fileRef = C0FF5E151E0CEF95008E391E /* PickerViewController.swift */; };
		C0FF5E241E0CF1AE008E391E /* ItemLista.swift in Sources */ = {isa = PBXBuildFile; fileRef = C0FF5E231E0CF1AE008E391E /* ItemLista.swift */; };
		C0FF5E261E0CF1B5008E391E /* ListaCompra.swift in Sources */ = {isa = PBXBuildFile; fileRef = C0FF5E251E0CF1B5008E391E /* ListaCompra.swift */; };
		C0FF5E281E0CF1BC008E391E /* TabelaViewController.swift in Sources */ = {isa = PBXBuildFile; fileRef = C0FF5E271E0CF1BC008E391E /* TabelaViewController.swift */; };
/* End PBXBuildFile section */

/* Begin PBXFileReference section */
		C01A37131E114E3F00CA8B46 /* OrdemViewController.swift */ = {isa = PBXFileReference; fileEncoding = 4; lastKnownFileType = sourcecode.swift; path = OrdemViewController.swift; sourceTree = "<group>"; };
		C0804BBD1E0C210E0003B6F5 /* TabelaListaViewController.swift */ = {isa = PBXFileReference; fileEncoding = 4; lastKnownFileType = sourcecode.swift; path = TabelaListaViewController.swift; sourceTree = "<group>"; };
		C0804BBF1E0C5D6C0003B6F5 /* EditNovaListaViewController.swift */ = {isa = PBXFileReference; fileEncoding = 4; lastKnownFileType = sourcecode.swift; path = EditNovaListaViewController.swift; sourceTree = "<group>"; };
		C0984B551E09D61D0051F9CB /* letMeBuy.app */ = {isa = PBXFileReference; explicitFileType = wrapper.application; includeInIndex = 0; path = letMeBuy.app; sourceTree = BUILT_PRODUCTS_DIR; };
		C0984B581E09D61D0051F9CB /* AppDelegate.swift */ = {isa = PBXFileReference; lastKnownFileType = sourcecode.swift; path = AppDelegate.swift; sourceTree = "<group>"; };
		C0984B5A1E09D61D0051F9CB /* ViewController.swift */ = {isa = PBXFileReference; lastKnownFileType = sourcecode.swift; path = ViewController.swift; sourceTree = "<group>"; };
		C0984B5D1E09D61D0051F9CB /* Base */ = {isa = PBXFileReference; lastKnownFileType = file.storyboard; name = Base; path = Base.lproj/Main.storyboard; sourceTree = "<group>"; };
		C0984B601E09D61D0051F9CB /* letMeBuy.xcdatamodel */ = {isa = PBXFileReference; lastKnownFileType = wrapper.xcdatamodel; path = letMeBuy.xcdatamodel; sourceTree = "<group>"; };
		C0984B621E09D61D0051F9CB /* Assets.xcassets */ = {isa = PBXFileReference; lastKnownFileType = folder.assetcatalog; path = Assets.xcassets; sourceTree = "<group>"; };
		C0984B651E09D61D0051F9CB /* Base */ = {isa = PBXFileReference; lastKnownFileType = file.storyboard; name = Base; path = Base.lproj/LaunchScreen.storyboard; sourceTree = "<group>"; };
		C0984B671E09D61D0051F9CB /* Info.plist */ = {isa = PBXFileReference; lastKnownFileType = text.plist.xml; path = Info.plist; sourceTree = "<group>"; };
		C09F770D1E1036E20017F196 /* AntigosViewController.swift */ = {isa = PBXFileReference; fileEncoding = 4; lastKnownFileType = sourcecode.swift; path = AntigosViewController.swift; sourceTree = "<group>"; };
		C0FF5E151E0CEF95008E391E /* PickerViewController.swift */ = {isa = PBXFileReference; fileEncoding = 4; lastKnownFileType = sourcecode.swift; path = PickerViewController.swift; sourceTree = "<group>"; };
		C0FF5E231E0CF1AE008E391E /* ItemLista.swift */ = {isa = PBXFileReference; fileEncoding = 4; lastKnownFileType = sourcecode.swift; path = ItemLista.swift; sourceTree = "<group>"; };
		C0FF5E251E0CF1B5008E391E /* ListaCompra.swift */ = {isa = PBXFileReference; fileEncoding = 4; lastKnownFileType = sourcecode.swift; path = ListaCompra.swift; sourceTree = "<group>"; };
		C0FF5E271E0CF1BC008E391E /* TabelaViewController.swift */ = {isa = PBXFileReference; fileEncoding = 4; lastKnownFileType = sourcecode.swift; path = TabelaViewController.swift; sourceTree = "<group>"; };
/* End PBXFileReference section */

/* Begin PBXFrameworksBuildPhase section */
		C0984B521E09D61B0051F9CB /* Frameworks */ = {
			isa = PBXFrameworksBuildPhase;
			buildActionMask = 2147483647;
			files = (
			);
			runOnlyForDeploymentPostprocessing = 0;
		};
/* End PBXFrameworksBuildPhase section */

/* Begin PBXGroup section */
		C0984B4C1E09D61B0051F9CB = {
			isa = PBXGroup;
			children = (
				C0984B571E09D61D0051F9CB /* letMeBuy */,
				C0984B561E09D61D0051F9CB /* Products */,
			);
			sourceTree = "<group>";
		};
		C0984B561E09D61D0051F9CB /* Products */ = {
			isa = PBXGroup;
			children = (
				C0984B551E09D61D0051F9CB /* letMeBuy.app */,
			);
			name = Products;
			sourceTree = "<group>";
		};
		C0984B571E09D61D0051F9CB /* letMeBuy */ = {
			isa = PBXGroup;
			children = (
				C09F770D1E1036E20017F196 /* AntigosViewController.swift */,
				C0FF5E271E0CF1BC008E391E /* TabelaViewController.swift */,
				C0FF5E251E0CF1B5008E391E /* ListaCompra.swift */,
				C0FF5E231E0CF1AE008E391E /* ItemLista.swift */,
				C0FF5E151E0CEF95008E391E /* PickerViewController.swift */,
				C01A37131E114E3F00CA8B46 /* OrdemViewController.swift */,
				C0984B581E09D61D0051F9CB /* AppDelegate.swift */,
				C0984B5A1E09D61D0051F9CB /* ViewController.swift */,
				C0984B5C1E09D61D0051F9CB /* Main.storyboard */,
				C0804BBF1E0C5D6C0003B6F5 /* EditNovaListaViewController.swift */,
				C0804BBD1E0C210E0003B6F5 /* TabelaListaViewController.swift */,
				C0984B621E09D61D0051F9CB /* Assets.xcassets */,
				C0984B641E09D61D0051F9CB /* LaunchScreen.storyboard */,
				C0984B671E09D61D0051F9CB /* Info.plist */,
				C0984B5F1E09D61D0051F9CB /* letMeBuy.xcdatamodeld */,
			);
			path = letMeBuy;
			sourceTree = "<group>";
		};
/* End PBXGroup section */

/* Begin PBXNativeTarget section */
		C0984B541E09D61B0051F9CB /* letMeBuy */ = {
			isa = PBXNativeTarget;
			buildConfigurationList = C0984B6A1E09D61D0051F9CB /* Build configuration list for PBXNativeTarget "letMeBuy" */;
			buildPhases = (
				C0984B511E09D61B0051F9CB /* Sources */,
				C0984B521E09D61B0051F9CB /* Frameworks */,
				C0984B531E09D61B0051F9CB /* Resources */,
			);
			buildRules = (
			);
			dependencies = (
			);
			name = letMeBuy;
			productName = letMeBuy;
			productReference = C0984B551E09D61D0051F9CB /* letMeBuy.app */;
			productType = "com.apple.product-type.application";
		};
/* End PBXNativeTarget section */

/* Begin PBXProject section */
		C0984B4D1E09D61B0051F9CB /* Project object */ = {
			isa = PBXProject;
			attributes = {
				LastSwiftUpdateCheck = 0810;
				LastUpgradeCheck = 0810;
				ORGANIZATIONNAME = "Bernardo Vieira";
				TargetAttributes = {
					C0984B541E09D61B0051F9CB = {
						CreatedOnToolsVersion = 8.1;
						ProvisioningStyle = Automatic;
					};
				};
			};
			buildConfigurationList = C0984B501E09D61B0051F9CB /* Build configuration list for PBXProject "letMeBuy" */;
			compatibilityVersion = "Xcode 3.2";
			developmentRegion = English;
			hasScannedForEncodings = 0;
			knownRegions = (
				en,
				Base,
			);
			mainGroup = C0984B4C1E09D61B0051F9CB;
			productRefGroup = C0984B561E09D61D0051F9CB /* Products */;
			projectDirPath = "";
			projectRoot = "";
			targets = (
				C0984B541E09D61B0051F9CB /* letMeBuy */,
			);
		};
/* End PBXProject section */

/* Begin PBXResourcesBuildPhase section */
		C0984B531E09D61B0051F9CB /* Resources */ = {
			isa = PBXResourcesBuildPhase;
			buildActionMask = 2147483647;
			files = (
				C0984B661E09D61D0051F9CB /* LaunchScreen.storyboard in Resources */,
				C0984B631E09D61D0051F9CB /* Assets.xcassets in Resources */,
				C0984B5E1E09D61D0051F9CB /* Main.storyboard in Resources */,
			);
			runOnlyForDeploymentPostprocessing = 0;
		};
/* End PBXResourcesBuildPhase section */

/* Begin PBXSourcesBuildPhase section */
		C0984B511E09D61B0051F9CB /* Sources */ = {
			isa = PBXSourcesBuildPhase;
			buildActionMask = 2147483647;
			files = (
				C0FF5E161E0CEF95008E391E /* PickerViewController.swift in Sources */,
				C0804BC01E0C5D6C0003B6F5 /* EditNovaListaViewController.swift in Sources */,
				C0FF5E241E0CF1AE008E391E /* ItemLista.swift in Sources */,
				C0FF5E261E0CF1B5008E391E /* ListaCompra.swift in Sources */,
				C0984B5B1E09D61D0051F9CB /* ViewController.swift in Sources */,
				C0804BBE1E0C210E0003B6F5 /* TabelaListaViewController.swift in Sources */,
				C09F770E1E1036E20017F196 /* AntigosViewController.swift in Sources */,
				C0FF5E281E0CF1BC008E391E /* TabelaViewController.swift in Sources */,
				C0984B611E09D61D0051F9CB /* letMeBuy.xcdatamodeld in Sources */,
				C0984B591E09D61D0051F9CB /* AppDelegate.swift in Sources */,
				C01A37141E114E3F00CA8B46 /* OrdemViewController.swift in Sources */,
			);
			runOnlyForDeploymentPostprocessing = 0;
		};
/* End PBXSourcesBuildPhase section */

/* Begin PBXVariantGroup section */
		C0984B5C1E09D61D0051F9CB /* Main.storyboard */ = {
			isa = PBXVariantGroup;
			children = (
				C0984B5D1E09D61D0051F9CB /* Base */,
			);
			name = Main.storyboard;
			sourceTree = "<group>";
		};
		C0984B641E09D61D0051F9CB /* LaunchScreen.storyboard */ = {
			isa = PBXVariantGroup;
			children = (
				C0984B651E09D61D0051F9CB /* Base */,
			);
			name = LaunchScreen.storyboard;
			sourceTree = "<group>";
		};
/* End PBXVariantGroup section */

/* Begin XCBuildConfiguration section */
		C0984B681E09D61D0051F9CB /* Debug */ = {
			isa = XCBuildConfiguration;
			buildSettings = {
				ALWAYS_SEARCH_USER_PATHS = NO;
				CLANG_ANALYZER_NONNULL = YES;
				CLANG_CXX_LANGUAGE_STANDARD = "gnu++0x";
				CLANG_CXX_LIBRARY = "libc++";
				CLANG_ENABLE_MODULES = YES;
				CLANG_ENABLE_OBJC_ARC = YES;
				CLANG_WARN_BOOL_CONVERSION = YES;
				CLANG_WARN_CONSTANT_CONVERSION = YES;
				CLANG_WARN_DIRECT_OBJC_ISA_USAGE = YES_ERROR;
				CLANG_WARN_DOCUMENTATION_COMMENTS = YES;
				CLANG_WARN_EMPTY_BODY = YES;
				CLANG_WARN_ENUM_CONVERSION = YES;
				CLANG_WARN_INFINITE_RECURSION = YES;
				CLANG_WARN_INT_CONVERSION = YES;
				CLANG_WARN_OBJC_ROOT_CLASS = YES_ERROR;
				CLANG_WARN_SUSPICIOUS_MOVES = YES;
				CLANG_WARN_UNREACHABLE_CODE = YES;
				CLANG_WARN__DUPLICATE_METHOD_MATCH = YES;
				"CODE_SIGN_IDENTITY[sdk=iphoneos*]" = "iPhone Developer";
				COPY_PHASE_STRIP = NO;
				DEBUG_INFORMATION_FORMAT = dwarf;
				ENABLE_STRICT_OBJC_MSGSEND = YES;
				ENABLE_TESTABILITY = YES;
				GCC_C_LANGUAGE_STANDARD = gnu99;
				GCC_DYNAMIC_NO_PIC = NO;
				GCC_NO_COMMON_BLOCKS = YES;
				GCC_OPTIMIZATION_LEVEL = 0;
				GCC_PREPROCESSOR_DEFINITIONS = (
					"DEBUG=1",
					"$(inherited)",
				);
				GCC_WARN_64_TO_32_BIT_CONVERSION = YES;
				GCC_WARN_ABOUT_RETURN_TYPE = YES_ERROR;
				GCC_WARN_UNDECLARED_SELECTOR = YES;
				GCC_WARN_UNINITIALIZED_AUTOS = YES_AGGRESSIVE;
				GCC_WARN_UNUSED_FUNCTION = YES;
				GCC_WARN_UNUSED_VARIABLE = YES;
				IPHONEOS_DEPLOYMENT_TARGET = 10.1;
				MTL_ENABLE_DEBUG_INFO = YES;
				ONLY_ACTIVE_ARCH = YES;
				SDKROOT = iphoneos;
				SWIFT_ACTIVE_COMPILATION_CONDITIONS = DEBUG;
				SWIFT_OPTIMIZATION_LEVEL = "-Onone";
				TARGETED_DEVICE_FAMILY = "1,2";
			};
			name = Debug;
		};
		C0984B691E09D61D0051F9CB /* Release */ = {
			isa = XCBuildConfiguration;
			buildSettings = {
				ALWAYS_SEARCH_USER_PATHS = NO;
				CLANG_ANALYZER_NONNULL = YES;
				CLANG_CXX_LANGUAGE_STANDARD = "gnu++0x";
				CLANG_CXX_LIBRARY = "libc++";
				CLANG_ENABLE_MODULES = YES;
				CLANG_ENABLE_OBJC_ARC = YES;
				CLANG_WARN_BOOL_CONVERSION = YES;
				CLANG_WARN_CONSTANT_CONVERSION = YES;
				CLANG_WARN_DIRECT_OBJC_ISA_USAGE = YES_ERROR;
				CLANG_WARN_DOCUMENTATION_COMMENTS = YES;
				CLANG_WARN_EMPTY_BODY = YES;
				CLANG_WARN_ENUM_CONVERSION = YES;
				CLANG_WARN_INFINITE_RECURSION = YES;
				CLANG_WARN_INT_CONVERSION = YES;
				CLANG_WARN_OBJC_ROOT_CLASS = YES_ERROR;
				CLANG_WARN_SUSPICIOUS_MOVES = YES;
				CLANG_WARN_UNREACHABLE_CODE = YES;
				CLANG_WARN__DUPLICATE_METHOD_MATCH = YES;
				"CODE_SIGN_IDENTITY[sdk=iphoneos*]" = "iPhone Developer";
				COPY_PHASE_STRIP = NO;
				DEBUG_INFORMATION_FORMAT = "dwarf-with-dsym";
				ENABLE_NS_ASSERTIONS = NO;
				ENABLE_STRICT_OBJC_MSGSEND = YES;
				GCC_C_LANGUAGE_STANDARD = gnu99;
				GCC_NO_COMMON_BLOCKS = YES;
				GCC_WARN_64_TO_32_BIT_CONVERSION = YES;
				GCC_WARN_ABOUT_RETURN_TYPE = YES_ERROR;
				GCC_WARN_UNDECLARED_SELECTOR = YES;
				GCC_WARN_UNINITIALIZED_AUTOS = YES_AGGRESSIVE;
				GCC_WARN_UNUSED_FUNCTION = YES;
				GCC_WARN_UNUSED_VARIABLE = YES;
				IPHONEOS_DEPLOYMENT_TARGET = 10.1;
				MTL_ENABLE_DEBUG_INFO = NO;
				SDKROOT = iphoneos;
				SWIFT_OPTIMIZATION_LEVEL = "-Owholemodule";
				TARGETED_DEVICE_FAMILY = "1,2";
				VALIDATE_PRODUCT = YES;
			};
			name = Release;
		};
		C0984B6B1E09D61D0051F9CB /* Debug */ = {
			isa = XCBuildConfiguration;
			buildSettings = {
				ASSETCATALOG_COMPILER_APPICON_NAME = AppIcon;
				INFOPLIST_FILE = letMeBuy/Info.plist;
				LD_RUNPATH_SEARCH_PATHS = "$(inherited) @executable_path/Frameworks";
				PRODUCT_BUNDLE_IDENTIFIER = pt.a21240068.obv.letMeBuy;
				PRODUCT_NAME = "$(TARGET_NAME)";
				SWIFT_VERSION = 3.0;
			};
			name = Debug;
		};
		C0984B6C1E09D61D0051F9CB /* Release */ = {
			isa = XCBuildConfiguration;
			buildSettings = {
				ASSETCATALOG_COMPILER_APPICON_NAME = AppIcon;
				INFOPLIST_FILE = letMeBuy/Info.plist;
				LD_RUNPATH_SEARCH_PATHS = "$(inherited) @executable_path/Frameworks";
				PRODUCT_BUNDLE_IDENTIFIER = pt.a21240068.obv.letMeBuy;
				PRODUCT_NAME = "$(TARGET_NAME)";
				SWIFT_VERSION = 3.0;
			};
			name = Release;
		};
/* End XCBuildConfiguration section */

/* Begin XCConfigurationList section */
		C0984B501E09D61B0051F9CB /* Build configuration list for PBXProject "letMeBuy" */ = {
			isa = XCConfigurationList;
			buildConfigurations = (
				C0984B681E09D61D0051F9CB /* Debug */,
				C0984B691E09D61D0051F9CB /* Release */,
			);
			defaultConfigurationIsVisible = 0;
			defaultConfigurationName = Release;
		};
		C0984B6A1E09D61D0051F9CB /* Build configuration list for PBXNativeTarget "letMeBuy" */ = {
			isa = XCConfigurationList;
			buildConfigurations = (
				C0984B6B1E09D61D0051F9CB /* Debug */,
				C0984B6C1E09D61D0051F9CB /* Release */,
			);
			defaultConfigurationIsVisible = 0;
			defaultConfigurationName = Release;
		};
/* End XCConfigurationList section */

/* Begin XCVersionGroup section */
		C0984B5F1E09D61D0051F9CB /* letMeBuy.xcdatamodeld */ = {
			isa = XCVersionGroup;
			children = (
				C0984B601E09D61D0051F9CB /* letMeBuy.xcdatamodel */,
			);
			currentVersion = C0984B601E09D61D0051F9CB /* letMeBuy.xcdatamodel */;
			path = letMeBuy.xcdatamodeld;
			sourceTree = "<group>";
			versionGroupType = wrapper.xcdatamodel;
		};
/* End XCVersionGroup section */
	};
	rootObject = C0984B4D1E09D61B0051F9CB /* Project object */;
}
